// !$*UTF8*$!
{
	archiveVersion = 1;
	classes = {
	};
	objectVersion = 56;
	objects = {

/* Begin PBXBuildFile section */
		0BA9714A13B523050B0EB3A2 /* DataManagementViewModel.swift in Sources */ = {isa = PBXBuildFile; fileRef = 7CDEDA7C1A8E0929805E8EAF /* DataManagementViewModel.swift */; };
		108D95881CA89518D2878308 /* AnalyticsService.swift in Sources */ = {isa = PBXBuildFile; fileRef = CB5209AF3D1CC90B0172301C /* AnalyticsService.swift */; };
		1C127B3E5E4FC97A618801AC /* AnalyticsTestView.swift in Sources */ = {isa = PBXBuildFile; fileRef = B619C0A43AE43301269F3D6E /* AnalyticsTestView.swift */; };
		27DD1E2BB2E38535878E908D /* GameRules.swift in Sources */ = {isa = PBXBuildFile; fileRef = 74B9668F6F9882EF06344CD9 /* GameRules.swift */; };
		3131888DD6343E2262C82D50 /* Habit.swift in Sources */ = {isa = PBXBuildFile; fileRef = CD6CE7C7C407FB3914E1BCCF /* Habit.swift */; };
		320807B701BD1D2E65B51718 /* StreakVisualizationView.swift in Sources */ = {isa = PBXBuildFile; fileRef = B140E5BED55851B5DAA2A538 /* StreakVisualizationView.swift */; };
		3CEFD289871D2710EECB9FFC /* ProfileView.swift in Sources */ = {isa = PBXBuildFile; fileRef = 88B36ED2CCD04F035F50C003 /* ProfileView.swift */; };
		4525F86E65279B4DFE76CC77 /* HabitViewModel.swift in Sources */ = {isa = PBXBuildFile; fileRef = 440C78D8227A5CE9DB978FF4 /* HabitViewModel.swift */; };
		4EFFE26ED17144655E4EB4C0 /* HabitQuestApp.swift in Sources */ = {isa = PBXBuildFile; fileRef = 6BFFAA9031C65E678870AFEA /* HabitQuestApp.swift */; };
		5AC39C1BB95659ED5661D5B0 /* StreakMilestone.swift in Sources */ = {isa = PBXBuildFile; fileRef = 52910BF0537FE24894339284 /* StreakMilestone.swift */; };
		5F5A1A420F440D8F70DED22E /* StreakService.swift in Sources */ = {isa = PBXBuildFile; fileRef = 4D71310BE02C683BBFDB03BB /* StreakService.swift */; };
		63FB6A09C00CC124B9B854A4 /* HabitQuestBridging.swift in Sources */ = {isa = PBXBuildFile; fileRef = D02F18B153A3E0D25B4F5BAD /* HabitQuestBridging.swift */; };
		665EE33056C420971F7FDEB8 /* TodaysQuestsViewModel.swift in Sources */ = {isa = PBXBuildFile; fileRef = D7563E71AE03543F5E6030EE /* TodaysQuestsViewModel.swift */; };
		6F5D6E4F2775F796A0FC1ACE /* ProfileViewModel.swift in Sources */ = {isa = PBXBuildFile; fileRef = 695A3B9F1EC29ECAC66EC473 /* ProfileViewModel.swift */; };
		71F2F4E3A1DCE0F54ED10B3D /* StreakHeatMapView.swift in Sources */ = {isa = PBXBuildFile; fileRef = C4F64AB16CC8902A318877E0 /* StreakHeatMapView.swift */; };
		79D64464EAB5EDAEFA34222C /* SmartNotificationService.swift in Sources */ = {isa = PBXBuildFile; fileRef = 76F5417CA902C701CBA870E2 /* SmartNotificationService.swift */; };
		7FE253F461CA143F5788C95B /* DataManagementView.swift in Sources */ = {isa = PBXBuildFile; fileRef = 02C46BA33086BC7764B5717A /* DataManagementView.swift */; };
		7FE6A8267707AAACBB1E510A /* StreakAnalyticsView.swift in Sources */ = {isa = PBXBuildFile; fileRef = 9F60C7D8BC0BF8316C79EE62 /* StreakAnalyticsView.swift */; };
		8D337B7D798339BA73EE86BE /* ErrorHandler.swift in Sources */ = {isa = PBXBuildFile; fileRef = D834CF685F661DDFA17A897F /* ErrorHandler.swift */; };
		9EA5FF468BAF263705169BD6 /* Achievement.swift in Sources */ = {isa = PBXBuildFile; fileRef = 8019CB317C9FBD2079031262 /* Achievement.swift */; };
		AC57D0E12DC13F362E95DADE /* DataExportService.swift in Sources */ = {isa = PBXBuildFile; fileRef = 3573F876BFB6454042FBF311 /* DataExportService.swift */; };
		BBD7AAE7D3AE2ABD1CA223D6 /* QuestLogView.swift in Sources */ = {isa = PBXBuildFile; fileRef = 8621F682C11B50CA0DF94DE5 /* QuestLogView.swift */; };
		C72500DFA7E3AD2CB1F0E7FD /* AchievementService.swift in Sources */ = {isa = PBXBuildFile; fileRef = 76DB28BE2E4D931FD6E1450F /* AchievementService.swift */; };
		CF5A368561C65D18BA9F848F /* NotificationService.swift in Sources */ = {isa = PBXBuildFile; fileRef = E9EB919F30317D53078923DB /* NotificationService.swift */; };
		D74D14ED0011B8F41E4FD7DD /* TodaysQuestsView.swift in Sources */ = {isa = PBXBuildFile; fileRef = 64CDCB0D5CE4C9AE95781CC3 /* TodaysQuestsView.swift */; };
		D95974D1C829E009A5782799 /* ContentView.swift in Sources */ = {isa = PBXBuildFile; fileRef = 7E4CE864618A4688B70AA83B /* ContentView.swift */; };
		DA1F9FD010BA8BCDAD820693 /* QuestLogViewModel.swift in Sources */ = {isa = PBXBuildFile; fileRef = FD9FD7D6D910EA9B85A6F855 /* QuestLogViewModel.swift */; };
		DF99E7FF815BD2C5116801AC /* AdvancedAnalyticsEngine.swift in Sources */ = {isa = PBXBuildFile; fileRef = E239EECE8766EDA83AE0DEA1 /* AdvancedAnalyticsEngine.swift */; };
		E0D3B3F649CB61828BB9B1E0 /* SharedAnalyticsComponents.swift in Sources */ = {isa = PBXBuildFile; fileRef = 78AE96C24C90EE098538D107 /* SharedAnalyticsComponents.swift */; };
		E976B8714945A934DC5A9928 /* PlayerProfile.swift in Sources */ = {isa = PBXBuildFile; fileRef = 08F3B7E2CA8370ACC8F65206 /* PlayerProfile.swift */; };
		E9842010720BE79D39E41F4E /* Logger.swift in Sources */ = {isa = PBXBuildFile; fileRef = CED0172C7D66CBF7DF5E2F0A /* Logger.swift */; };
		ED35D628B24AD791E2DD30E9 /* AppMainView.swift in Sources */ = {isa = PBXBuildFile; fileRef = 6B33AFD263E9BC560F796729 /* AppMainView.swift */; };
		ED8A190430C734F57C756A35 /* HabitLog.swift in Sources */ = {isa = PBXBuildFile; fileRef = B100CDD1748BAC1CAC11621C /* HabitLog.swift */; };
		EDB6756FFBAC7868B8BF521C /* Item.swift in Sources */ = {isa = PBXBuildFile; fileRef = 46927FE606B035AB66FA2E98 /* Item.swift */; };
		F48F9D72368DDB234EE0EC16 /* SharedArchitecture.swift in Sources */ = {isa = PBXBuildFile; fileRef = AEF4A3BC128CA5DD1BBD9A5F /* SharedArchitecture.swift */; };
/* End PBXBuildFile section */

/* Begin PBXContainerItemProxy section */
		68581EC82E0F1EA800E5AADA /* PBXContainerItemProxy */ = {
			isa = PBXContainerItemProxy;
			containerPortal = 68581EB02E0F1EA600E5AADA /* Project object */;
			proxyType = 1;
			remoteGlobalIDString = 68581EB72E0F1EA600E5AADA;
			remoteInfo = HabitQuest;
		};
		68581ED22E0F1EA800E5AADA /* PBXContainerItemProxy */ = {
			isa = PBXContainerItemProxy;
			containerPortal = 68581EB02E0F1EA600E5AADA /* Project object */;
			proxyType = 1;
			remoteGlobalIDString = 68581EB72E0F1EA600E5AADA;
			remoteInfo = HabitQuest;
		};
/* End PBXContainerItemProxy section */

/* Begin PBXFileReference section */
		02C46BA33086BC7764B5717A /* DataManagementView.swift */ = {isa = PBXFileReference; includeInIndex = 1; lastKnownFileType = sourcecode.swift; name = DataManagementView.swift; path = ./HabitQuest/Features/DataManagement/DataManagementView.swift; sourceTree = "<group>"; };
		08F3B7E2CA8370ACC8F65206 /* PlayerProfile.swift */ = {isa = PBXFileReference; includeInIndex = 1; lastKnownFileType = sourcecode.swift; name = PlayerProfile.swift; path = ./HabitQuest/Core/Models/PlayerProfile.swift; sourceTree = "<group>"; };
		3573F876BFB6454042FBF311 /* DataExportService.swift */ = {isa = PBXFileReference; includeInIndex = 1; lastKnownFileType = sourcecode.swift; name = DataExportService.swift; path = ./HabitQuest/Core/Services/DataExportService.swift; sourceTree = "<group>"; };
		440C78D8227A5CE9DB978FF4 /* HabitViewModel.swift */ = {isa = PBXFileReference; includeInIndex = 1; lastKnownFileType = sourcecode.swift; name = HabitViewModel.swift; path = ./HabitQuest/Core/ViewModels/HabitViewModel.swift; sourceTree = "<group>"; };
		46927FE606B035AB66FA2E98 /* Item.swift */ = {isa = PBXFileReference; includeInIndex = 1; lastKnownFileType = sourcecode.swift; name = Item.swift; path = ./HabitQuest/Item.swift; sourceTree = "<group>"; };
		4D71310BE02C683BBFDB03BB /* StreakService.swift */ = {isa = PBXFileReference; includeInIndex = 1; lastKnownFileType = sourcecode.swift; name = StreakService.swift; path = ./HabitQuest/Core/Services/StreakService.swift; sourceTree = "<group>"; };
		52910BF0537FE24894339284 /* StreakMilestone.swift */ = {isa = PBXFileReference; includeInIndex = 1; lastKnownFileType = sourcecode.swift; name = StreakMilestone.swift; path = ./HabitQuest/Core/Models/StreakMilestone.swift; sourceTree = "<group>"; };
		64CDCB0D5CE4C9AE95781CC3 /* TodaysQuestsView.swift */ = {isa = PBXFileReference; includeInIndex = 1; lastKnownFileType = sourcecode.swift; name = TodaysQuestsView.swift; path = ./HabitQuest/Features/TodaysQuests/TodaysQuestsView.swift; sourceTree = "<group>"; };
		68581EB82E0F1EA600E5AADA /* HabitQuest.app */ = {isa = PBXFileReference; explicitFileType = wrapper.application; includeInIndex = 0; path = HabitQuest.app; sourceTree = BUILT_PRODUCTS_DIR; };
		68581EC72E0F1EA800E5AADA /* HabitQuestTests.xctest */ = {isa = PBXFileReference; explicitFileType = wrapper.cfbundle; includeInIndex = 0; path = HabitQuestTests.xctest; sourceTree = BUILT_PRODUCTS_DIR; };
		68581ED12E0F1EA800E5AADA /* HabitQuestUITests.xctest */ = {isa = PBXFileReference; explicitFileType = wrapper.cfbundle; includeInIndex = 0; path = HabitQuestUITests.xctest; sourceTree = BUILT_PRODUCTS_DIR; };
		695A3B9F1EC29ECAC66EC473 /* ProfileViewModel.swift */ = {isa = PBXFileReference; includeInIndex = 1; lastKnownFileType = sourcecode.swift; name = ProfileViewModel.swift; path = ./HabitQuest/Features/CharacterProfile/ProfileViewModel.swift; sourceTree = "<group>"; };
		6B33AFD263E9BC560F796729 /* AppMainView.swift */ = {isa = PBXFileReference; includeInIndex = 1; lastKnownFileType = sourcecode.swift; name = AppMainView.swift; path = ./HabitQuest/Application/AppMainView.swift; sourceTree = "<group>"; };
		6BFFAA9031C65E678870AFEA /* HabitQuestApp.swift */ = {isa = PBXFileReference; includeInIndex = 1; lastKnownFileType = sourcecode.swift; name = HabitQuestApp.swift; path = ./HabitQuest/HabitQuestApp.swift; sourceTree = "<group>"; };
		74B9668F6F9882EF06344CD9 /* GameRules.swift */ = {isa = PBXFileReference; includeInIndex = 1; lastKnownFileType = sourcecode.swift; name = GameRules.swift; path = ./HabitQuest/Core/Services/GameRules.swift; sourceTree = "<group>"; };
		76DB28BE2E4D931FD6E1450F /* AchievementService.swift */ = {isa = PBXFileReference; includeInIndex = 1; lastKnownFileType = sourcecode.swift; name = AchievementService.swift; path = ./HabitQuest/Core/Services/AchievementService.swift; sourceTree = "<group>"; };
		76F5417CA902C701CBA870E2 /* SmartNotificationService.swift */ = {isa = PBXFileReference; includeInIndex = 1; lastKnownFileType = sourcecode.swift; name = SmartNotificationService.swift; path = ./HabitQuest/Core/Services/SmartNotificationService.swift; sourceTree = "<group>"; };
		78AE96C24C90EE098538D107 /* SharedAnalyticsComponents.swift */ = {isa = PBXFileReference; includeInIndex = 1; lastKnownFileType = sourcecode.swift; name = SharedAnalyticsComponents.swift; path = ./HabitQuest/Core/Views/SharedAnalyticsComponents.swift; sourceTree = "<group>"; };
		7CDEDA7C1A8E0929805E8EAF /* DataManagementViewModel.swift */ = {isa = PBXFileReference; includeInIndex = 1; lastKnownFileType = sourcecode.swift; name = DataManagementViewModel.swift; path = ./HabitQuest/Features/DataManagement/DataManagementViewModel.swift; sourceTree = "<group>"; };
		7E4CE864618A4688B70AA83B /* ContentView.swift */ = {isa = PBXFileReference; includeInIndex = 1; lastKnownFileType = sourcecode.swift; name = ContentView.swift; path = ./HabitQuest/ContentView.swift; sourceTree = "<group>"; };
		8019CB317C9FBD2079031262 /* Achievement.swift */ = {isa = PBXFileReference; includeInIndex = 1; lastKnownFileType = sourcecode.swift; name = Achievement.swift; path = ./HabitQuest/Core/Models/Achievement.swift; sourceTree = "<group>"; };
		8621F682C11B50CA0DF94DE5 /* QuestLogView.swift */ = {isa = PBXFileReference; includeInIndex = 1; lastKnownFileType = sourcecode.swift; name = QuestLogView.swift; path = ./HabitQuest/Features/QuestLog/QuestLogView.swift; sourceTree = "<group>"; };
		88B36ED2CCD04F035F50C003 /* ProfileView.swift */ = {isa = PBXFileReference; includeInIndex = 1; lastKnownFileType = sourcecode.swift; name = ProfileView.swift; path = ./HabitQuest/Features/CharacterProfile/ProfileView.swift; sourceTree = "<group>"; };
		9F60C7D8BC0BF8316C79EE62 /* StreakAnalyticsView.swift */ = {isa = PBXFileReference; includeInIndex = 1; lastKnownFileType = sourcecode.swift; name = StreakAnalyticsView.swift; path = ./HabitQuest/Features/StreakAnalytics/StreakAnalyticsView.swift; sourceTree = "<group>"; };
		AEF4A3BC128CA5DD1BBD9A5F /* SharedArchitecture.swift */ = {isa = PBXFileReference; includeInIndex = 1; lastKnownFileType = sourcecode.swift; name = SharedArchitecture.swift; path = ./HabitQuest/Core/Utilities/SharedArchitecture.swift; sourceTree = "<group>"; };
		B100CDD1748BAC1CAC11621C /* HabitLog.swift */ = {isa = PBXFileReference; includeInIndex = 1; lastKnownFileType = sourcecode.swift; name = HabitLog.swift; path = ./HabitQuest/Core/Models/HabitLog.swift; sourceTree = "<group>"; };
		B140E5BED55851B5DAA2A538 /* StreakVisualizationView.swift */ = {isa = PBXFileReference; includeInIndex = 1; lastKnownFileType = sourcecode.swift; name = StreakVisualizationView.swift; path = ./HabitQuest/Features/StreakVisualization/StreakVisualizationView.swift; sourceTree = "<group>"; };
		B619C0A43AE43301269F3D6E /* AnalyticsTestView.swift */ = {isa = PBXFileReference; includeInIndex = 1; lastKnownFileType = sourcecode.swift; name = AnalyticsTestView.swift; path = ./HabitQuest/Features/AnalyticsTest/AnalyticsTestView.swift; sourceTree = "<group>"; };
		C4F64AB16CC8902A318877E0 /* StreakHeatMapView.swift */ = {isa = PBXFileReference; includeInIndex = 1; lastKnownFileType = sourcecode.swift; name = StreakHeatMapView.swift; path = ./HabitQuest/Features/StreakVisualization/StreakHeatMapView.swift; sourceTree = "<group>"; };
		CB5209AF3D1CC90B0172301C /* AnalyticsService.swift */ = {isa = PBXFileReference; includeInIndex = 1; lastKnownFileType = sourcecode.swift; name = AnalyticsService.swift; path = ./HabitQuest/Core/Services/AnalyticsService.swift; sourceTree = "<group>"; };
		CD6CE7C7C407FB3914E1BCCF /* Habit.swift */ = {isa = PBXFileReference; includeInIndex = 1; lastKnownFileType = sourcecode.swift; name = Habit.swift; path = ./HabitQuest/Core/Models/Habit.swift; sourceTree = "<group>"; };
		CED0172C7D66CBF7DF5E2F0A /* Logger.swift */ = {isa = PBXFileReference; includeInIndex = 1; lastKnownFileType = sourcecode.swift; name = Logger.swift; path = ./HabitQuest/Core/Utilities/Logger.swift; sourceTree = "<group>"; };
		D02F18B153A3E0D25B4F5BAD /* HabitQuestBridging.swift */ = {isa = PBXFileReference; includeInIndex = 1; lastKnownFileType = sourcecode.swift; name = HabitQuestBridging.swift; path = ./HabitQuest/HabitQuestBridging.swift; sourceTree = "<group>"; };
		D7563E71AE03543F5E6030EE /* TodaysQuestsViewModel.swift */ = {isa = PBXFileReference; includeInIndex = 1; lastKnownFileType = sourcecode.swift; name = TodaysQuestsViewModel.swift; path = ./HabitQuest/Features/TodaysQuests/TodaysQuestsViewModel.swift; sourceTree = "<group>"; };
		D834CF685F661DDFA17A897F /* ErrorHandler.swift */ = {isa = PBXFileReference; includeInIndex = 1; lastKnownFileType = sourcecode.swift; name = ErrorHandler.swift; path = ./HabitQuest/Core/Utilities/ErrorHandler.swift; sourceTree = "<group>"; };
		E239EECE8766EDA83AE0DEA1 /* AdvancedAnalyticsEngine.swift */ = {isa = PBXFileReference; includeInIndex = 1; lastKnownFileType = sourcecode.swift; name = AdvancedAnalyticsEngine.swift; path = ./HabitQuest/Core/Services/AdvancedAnalyticsEngine.swift; sourceTree = "<group>"; };
		E9EB919F30317D53078923DB /* NotificationService.swift */ = {isa = PBXFileReference; includeInIndex = 1; lastKnownFileType = sourcecode.swift; name = NotificationService.swift; path = ./HabitQuest/Core/Services/NotificationService.swift; sourceTree = "<group>"; };
		FD9FD7D6D910EA9B85A6F855 /* QuestLogViewModel.swift */ = {isa = PBXFileReference; includeInIndex = 1; lastKnownFileType = sourcecode.swift; name = QuestLogViewModel.swift; path = ./HabitQuest/Features/QuestLog/QuestLogViewModel.swift; sourceTree = "<group>"; };
/* End PBXFileReference section */

/* Begin PBXFileSystemSynchronizedRootGroup section */
		68581EBA2E0F1EA600E5AADA /* HabitQuest */ = {
			isa = PBXFileSystemSynchronizedRootGroup;
			exceptions = (
				AppInfo.plist,
			);
			path = HabitQuest;
			sourceTree = "<group>";
		};
		68581ECA2E0F1EA800E5AADA /* HabitQuestTests */ = {
			isa = PBXFileSystemSynchronizedRootGroup;
			path = HabitQuestTests;
			sourceTree = "<group>";
		};
		68581ED42E0F1EA800E5AADA /* HabitQuestUITests */ = {
			isa = PBXFileSystemSynchronizedRootGroup;
			path = HabitQuestUITests;
			sourceTree = "<group>";
		};
/* End PBXFileSystemSynchronizedRootGroup section */

/* Begin PBXFrameworksBuildPhase section */
		68581EB52E0F1EA600E5AADA /* Frameworks */ = {
			isa = PBXFrameworksBuildPhase;
			buildActionMask = 2147483647;
			files = (
			);
			runOnlyForDeploymentPostprocessing = 0;
		};
		68581EC42E0F1EA800E5AADA /* Frameworks */ = {
			isa = PBXFrameworksBuildPhase;
			buildActionMask = 2147483647;
			files = (
			);
			runOnlyForDeploymentPostprocessing = 0;
		};
		68581ECE2E0F1EA800E5AADA /* Frameworks */ = {
			isa = PBXFrameworksBuildPhase;
			buildActionMask = 2147483647;
			files = (
			);
			runOnlyForDeploymentPostprocessing = 0;
		};
/* End PBXFrameworksBuildPhase section */

/* Begin PBXGroup section */
		68581EAF2E0F1EA600E5AADA = {
			isa = PBXGroup;
			children = (
				68581EBA2E0F1EA600E5AADA /* HabitQuest */,
				68581ECA2E0F1EA800E5AADA /* HabitQuestTests */,
				68581ED42E0F1EA800E5AADA /* HabitQuestUITests */,
				68581EB92E0F1EA600E5AADA /* Products */,
			);
			sourceTree = "<group>";
		};
		68581EB92E0F1EA600E5AADA /* Products */ = {
			isa = PBXGroup;
			children = (
				68581EB82E0F1EA600E5AADA /* HabitQuest.app */,
				68581EC72E0F1EA800E5AADA /* HabitQuestTests.xctest */,
				68581ED12E0F1EA800E5AADA /* HabitQuestUITests.xctest */,
			);
			name = Products;
			sourceTree = "<group>";
		};
/* End PBXGroup section */

/* Begin PBXNativeTarget section */
		68581EB72E0F1EA600E5AADA /* HabitQuest */ = {
			isa = PBXNativeTarget;
			buildConfigurationList = 68581EDB2E0F1EA800E5AADA /* Build configuration list for PBXNativeTarget "HabitQuest" */;
			buildPhases = (
				68581EB42E0F1EA600E5AADA /* Sources */,
				68581EB52E0F1EA600E5AADA /* Frameworks */,
				68581EB62E0F1EA600E5AADA /* Resources */,
			);
			buildRules = (
			);
			dependencies = (
			);
			fileSystemSynchronizedGroups = (
				68581EBA2E0F1EA600E5AADA /* HabitQuest */,
			);
			name = HabitQuest;
			productName = HabitQuest;
			productReference = 68581EB82E0F1EA600E5AADA /* HabitQuest.app */;
			productType = "com.apple.product-type.application";
		};
		68581EC62E0F1EA800E5AADA /* HabitQuestTests */ = {
			isa = PBXNativeTarget;
			buildConfigurationList = 68581EDE2E0F1EA800E5AADA /* Build configuration list for PBXNativeTarget "HabitQuestTests" */;
			buildPhases = (
				68581EC32E0F1EA800E5AADA /* Sources */,
				68581EC42E0F1EA800E5AADA /* Frameworks */,
				68581EC52E0F1EA800E5AADA /* Resources */,
			);
			buildRules = (
			);
			dependencies = (
				68581EC92E0F1EA800E5AADA /* PBXTargetDependency */,
			);
			fileSystemSynchronizedGroups = (
				68581ECA2E0F1EA800E5AADA /* HabitQuestTests */,
			);
			name = HabitQuestTests;
			productName = HabitQuestTests;
			productReference = 68581EC72E0F1EA800E5AADA /* HabitQuestTests.xctest */;
			productType = "com.apple.product-type.bundle.unit-test";
		};
		68581ED02E0F1EA800E5AADA /* HabitQuestUITests */ = {
			isa = PBXNativeTarget;
			buildConfigurationList = 68581EE12E0F1EA800E5AADA /* Build configuration list for PBXNativeTarget "HabitQuestUITests" */;
			buildPhases = (
				68581ECD2E0F1EA800E5AADA /* Sources */,
				68581ECE2E0F1EA800E5AADA /* Frameworks */,
				68581ECF2E0F1EA800E5AADA /* Resources */,
			);
			buildRules = (
			);
			dependencies = (
				68581ED32E0F1EA800E5AADA /* PBXTargetDependency */,
			);
			fileSystemSynchronizedGroups = (
				68581ED42E0F1EA800E5AADA /* HabitQuestUITests */,
			);
			name = HabitQuestUITests;
			productName = HabitQuestUITests;
			productReference = 68581ED12E0F1EA800E5AADA /* HabitQuestUITests.xctest */;
			productType = "com.apple.product-type.bundle.ui-testing";
		};
/* End PBXNativeTarget section */

/* Begin PBXProject section */
		68581EB02E0F1EA600E5AADA /* Project object */ = {
			isa = PBXProject;
			attributes = {
				BuildIndependentTargetsInParallel = 1;
				LastSwiftUpdateCheck = 2600;
				LastUpgradeCheck = 2600;
				TargetAttributes = {
					68581EB72E0F1EA600E5AADA = {
						CreatedOnToolsVersion = 26.0;
					};
					68581EC62E0F1EA800E5AADA = {
						CreatedOnToolsVersion = 26.0;
						TestTargetID = 68581EB72E0F1EA600E5AADA;
					};
					68581ED02E0F1EA800E5AADA = {
						CreatedOnToolsVersion = 26.0;
						TestTargetID = 68581EB72E0F1EA600E5AADA;
					};
				};
			};
			buildConfigurationList = 68581EB32E0F1EA600E5AADA /* Build configuration list for PBXProject "HabitQuest" */;
			developmentRegion = en;
			hasScannedForEncodings = 0;
			knownRegions = (
				en,
				Base,
			);
			mainGroup = 68581EAF2E0F1EA600E5AADA;
			minimizedProjectReferenceProxies = 1;
			preferredProjectObjectVersion = 77;
			productRefGroup = 68581EB92E0F1EA600E5AADA /* Products */;
			projectDirPath = "";
			projectRoot = "";
			targets = (
				68581EB72E0F1EA600E5AADA /* HabitQuest */,
				68581EC62E0F1EA800E5AADA /* HabitQuestTests */,
				68581ED02E0F1EA800E5AADA /* HabitQuestUITests */,
			);
		};
/* End PBXProject section */

/* Begin PBXResourcesBuildPhase section */
		68581EB62E0F1EA600E5AADA /* Resources */ = {
			isa = PBXResourcesBuildPhase;
			buildActionMask = 2147483647;
			files = (
			);
			runOnlyForDeploymentPostprocessing = 0;
		};
		68581EC52E0F1EA800E5AADA /* Resources */ = {
			isa = PBXResourcesBuildPhase;
			buildActionMask = 2147483647;
			files = (
			);
			runOnlyForDeploymentPostprocessing = 0;
		};
		68581ECF2E0F1EA800E5AADA /* Resources */ = {
			isa = PBXResourcesBuildPhase;
			buildActionMask = 2147483647;
			files = (
			);
			runOnlyForDeploymentPostprocessing = 0;
		};
/* End PBXResourcesBuildPhase section */

/* Begin PBXSourcesBuildPhase section */
		68581EB42E0F1EA600E5AADA /* Sources */ = {
			isa = PBXSourcesBuildPhase;
			buildActionMask = 2147483647;
			files = (
			);
			runOnlyForDeploymentPostprocessing = 0;
		};
		68581EC32E0F1EA800E5AADA /* Sources */ = {
			isa = PBXSourcesBuildPhase;
			buildActionMask = 2147483647;
			files = (
			);
			runOnlyForDeploymentPostprocessing = 0;
		};
		68581ECD2E0F1EA800E5AADA /* Sources */ = {
			isa = PBXSourcesBuildPhase;
			buildActionMask = 2147483647;
			files = (
			);
			runOnlyForDeploymentPostprocessing = 0;
		};
/* End PBXSourcesBuildPhase section */

/* Begin PBXTargetDependency section */
		68581EC92E0F1EA800E5AADA /* PBXTargetDependency */ = {
			isa = PBXTargetDependency;
			target = 68581EB72E0F1EA600E5AADA /* HabitQuest */;
			targetProxy = 68581EC82E0F1EA800E5AADA /* PBXContainerItemProxy */;
		};
		68581ED32E0F1EA800E5AADA /* PBXTargetDependency */ = {
			isa = PBXTargetDependency;
			target = 68581EB72E0F1EA600E5AADA /* HabitQuest */;
			targetProxy = 68581ED22E0F1EA800E5AADA /* PBXContainerItemProxy */;
		};
/* End PBXTargetDependency section */

/* Begin XCBuildConfiguration section */
		68581ED92E0F1EA800E5AADA /* Debug */ = {
			isa = XCBuildConfiguration;
			buildSettings = {
				ALWAYS_SEARCH_USER_PATHS = NO;
				ASSETCATALOG_COMPILER_GENERATE_SWIFT_ASSET_SYMBOL_EXTENSIONS = YES;
				CLANG_ANALYZER_NONNULL = YES;
				CLANG_ANALYZER_NUMBER_OBJECT_CONVERSION = YES_AGGRESSIVE;
				CLANG_CXX_LANGUAGE_STANDARD = "gnu++20";
				CLANG_ENABLE_MODULES = YES;
				CLANG_ENABLE_OBJC_ARC = YES;
				CLANG_ENABLE_OBJC_WEAK = YES;
				CLANG_WARN_BLOCK_CAPTURE_AUTORELEASING = YES;
				CLANG_WARN_BOOL_CONVERSION = YES;
				CLANG_WARN_COMMA = YES;
				CLANG_WARN_CONSTANT_CONVERSION = YES;
				CLANG_WARN_DEPRECATED_OBJC_IMPLEMENTATIONS = YES;
				CLANG_WARN_DIRECT_OBJC_ISA_USAGE = YES_ERROR;
				CLANG_WARN_DOCUMENTATION_COMMENTS = YES;
				CLANG_WARN_EMPTY_BODY = YES;
				CLANG_WARN_ENUM_CONVERSION = YES;
				CLANG_WARN_INFINITE_RECURSION = YES;
				CLANG_WARN_INT_CONVERSION = YES;
				CLANG_WARN_NON_LITERAL_NULL_CONVERSION = YES;
				CLANG_WARN_OBJC_IMPLICIT_RETAIN_SELF = YES;
				CLANG_WARN_OBJC_LITERAL_CONVERSION = YES;
				CLANG_WARN_OBJC_ROOT_CLASS = YES_ERROR;
				CLANG_WARN_QUOTED_INCLUDE_IN_FRAMEWORK_HEADER = YES;
				CLANG_WARN_RANGE_LOOP_ANALYSIS = YES;
				CLANG_WARN_STRICT_PROTOTYPES = YES;
				CLANG_WARN_SUSPICIOUS_MOVE = YES;
				CLANG_WARN_UNGUARDED_AVAILABILITY = YES_AGGRESSIVE;
				CLANG_WARN_UNREACHABLE_CODE = YES;
				CLANG_WARN__DUPLICATE_METHOD_MATCH = YES;
				COPY_PHASE_STRIP = NO;
				DEBUG_INFORMATION_FORMAT = dwarf;
				DEVELOPMENT_TEAM = 3N5528D82R;
				ENABLE_STRICT_OBJC_MSGSEND = YES;
				ENABLE_TESTABILITY = YES;
				ENABLE_USER_SCRIPT_SANDBOXING = YES;
				GCC_C_LANGUAGE_STANDARD = gnu17;
				GCC_DYNAMIC_NO_PIC = NO;
				GCC_NO_COMMON_BLOCKS = YES;
				GCC_OPTIMIZATION_LEVEL = 0;
				GCC_PREPROCESSOR_DEFINITIONS = (
					"DEBUG=1",
					"$(inherited)",
				);
				GCC_WARN_64_TO_32_BIT_CONVERSION = YES;
				GCC_WARN_ABOUT_RETURN_TYPE = YES_ERROR;
				GCC_WARN_UNDECLARED_SELECTOR = YES;
				GCC_WARN_UNINITIALIZED_AUTOS = YES_AGGRESSIVE;
				GCC_WARN_UNUSED_FUNCTION = YES;
				GCC_WARN_UNUSED_VARIABLE = YES;
				IPHONEOS_DEPLOYMENT_TARGET = 26.0;
				LOCALIZATION_PREFERS_STRING_CATALOGS = YES;
				MACOSX_DEPLOYMENT_TARGET = 26.0;
				MTL_ENABLE_DEBUG_INFO = INCLUDE_SOURCE;
				MTL_FAST_MATH = YES;
				ONLY_ACTIVE_ARCH = YES;
				SDKROOT = auto;
				SUPPORTED_PLATFORMS = "iphoneos iphonesimulator macosx";
				SWIFT_ACTIVE_COMPILATION_CONDITIONS = "DEBUG $(inherited)";
				SWIFT_OPTIMIZATION_LEVEL = "-Onone";
			};
			name = Debug;
		};
		68581EDA2E0F1EA800E5AADA /* Release */ = {
			isa = XCBuildConfiguration;
			buildSettings = {
				ALWAYS_SEARCH_USER_PATHS = NO;
				ASSETCATALOG_COMPILER_GENERATE_SWIFT_ASSET_SYMBOL_EXTENSIONS = YES;
				CLANG_ANALYZER_NONNULL = YES;
				CLANG_ANALYZER_NUMBER_OBJECT_CONVERSION = YES_AGGRESSIVE;
				CLANG_CXX_LANGUAGE_STANDARD = "gnu++20";
				CLANG_ENABLE_MODULES = YES;
				CLANG_ENABLE_OBJC_ARC = YES;
				CLANG_ENABLE_OBJC_WEAK = YES;
				CLANG_WARN_BLOCK_CAPTURE_AUTORELEASING = YES;
				CLANG_WARN_BOOL_CONVERSION = YES;
				CLANG_WARN_COMMA = YES;
				CLANG_WARN_CONSTANT_CONVERSION = YES;
				CLANG_WARN_DEPRECATED_OBJC_IMPLEMENTATIONS = YES;
				CLANG_WARN_DIRECT_OBJC_ISA_USAGE = YES_ERROR;
				CLANG_WARN_DOCUMENTATION_COMMENTS = YES;
				CLANG_WARN_EMPTY_BODY = YES;
				CLANG_WARN_ENUM_CONVERSION = YES;
				CLANG_WARN_INFINITE_RECURSION = YES;
				CLANG_WARN_INT_CONVERSION = YES;
				CLANG_WARN_NON_LITERAL_NULL_CONVERSION = YES;
				CLANG_WARN_OBJC_IMPLICIT_RETAIN_SELF = YES;
				CLANG_WARN_OBJC_LITERAL_CONVERSION = YES;
				CLANG_WARN_OBJC_ROOT_CLASS = YES_ERROR;
				CLANG_WARN_QUOTED_INCLUDE_IN_FRAMEWORK_HEADER = YES;
				CLANG_WARN_RANGE_LOOP_ANALYSIS = YES;
				CLANG_WARN_STRICT_PROTOTYPES = YES;
				CLANG_WARN_SUSPICIOUS_MOVE = YES;
				CLANG_WARN_UNGUARDED_AVAILABILITY = YES_AGGRESSIVE;
				CLANG_WARN_UNREACHABLE_CODE = YES;
				CLANG_WARN__DUPLICATE_METHOD_MATCH = YES;
				COPY_PHASE_STRIP = NO;
				DEBUG_INFORMATION_FORMAT = "dwarf-with-dsym";
				DEVELOPMENT_TEAM = 3N5528D82R;
				ENABLE_NS_ASSERTIONS = NO;
				ENABLE_STRICT_OBJC_MSGSEND = YES;
				ENABLE_USER_SCRIPT_SANDBOXING = YES;
				GCC_C_LANGUAGE_STANDARD = gnu17;
				GCC_NO_COMMON_BLOCKS = YES;
				GCC_WARN_64_TO_32_BIT_CONVERSION = YES;
				GCC_WARN_ABOUT_RETURN_TYPE = YES_ERROR;
				GCC_WARN_UNDECLARED_SELECTOR = YES;
				GCC_WARN_UNINITIALIZED_AUTOS = YES_AGGRESSIVE;
				GCC_WARN_UNUSED_FUNCTION = YES;
				GCC_WARN_UNUSED_VARIABLE = YES;
				IPHONEOS_DEPLOYMENT_TARGET = 26.0;
				LOCALIZATION_PREFERS_STRING_CATALOGS = YES;
				MACOSX_DEPLOYMENT_TARGET = 26.0;
				MTL_ENABLE_DEBUG_INFO = NO;
				MTL_FAST_MATH = YES;
				SDKROOT = auto;
				SUPPORTED_PLATFORMS = "iphoneos iphonesimulator macosx";
				SWIFT_COMPILATION_MODE = wholemodule;
				VALIDATE_PRODUCT = YES;
			};
			name = Release;
		};
		68581EDC2E0F1EA800E5AADA /* Debug */ = {
			isa = XCBuildConfiguration;
			buildSettings = {
				ASSETCATALOG_COMPILER_APPICON_NAME = AppIcon;
				ASSETCATALOG_COMPILER_GLOBAL_ACCENT_COLOR_NAME = AccentColor;
				CODE_SIGN_STYLE = Automatic;
				CURRENT_PROJECT_VERSION = 1;
				DEVELOPMENT_TEAM = 3N5528D82R;
				ENABLE_PREVIEWS = YES;
				GENERATE_INFOPLIST_FILE = YES;
				INFOPLIST_KEY_UIApplicationSceneManifest_Generation = YES;
				INFOPLIST_KEY_UIApplicationSupportsIndirectInputEvents = YES;
				INFOPLIST_KEY_UILaunchScreen_Generation = YES;
				INFOPLIST_KEY_UISupportedInterfaceOrientations_iPad = "UIInterfaceOrientationPortrait UIInterfaceOrientationPortraitUpsideDown UIInterfaceOrientationLandscapeLeft UIInterfaceOrientationLandscapeRight";
				INFOPLIST_KEY_UISupportedInterfaceOrientations_iPhone = "UIInterfaceOrientationPortrait UIInterfaceOrientationLandscapeLeft UIInterfaceOrientationLandscapeRight";
				IPHONEOS_DEPLOYMENT_TARGET = 26.0;
				LD_RUNPATH_SEARCH_PATHS = (
					"$(inherited)",
					"@executable_path/Frameworks",
				);
				MACOSX_DEPLOYMENT_TARGET = 26.0;
				MARKETING_VERSION = 1.0;
				PRODUCT_BUNDLE_IDENTIFIER = com.DanielStevens.HabitQuest;
				PRODUCT_NAME = "$(TARGET_NAME)";
				STRING_CATALOG_GENERATE_SYMBOLS = YES;
				SUPPORTED_PLATFORMS = "iphoneos iphonesimulator macosx";
				SUPPORTS_MACCATALYST = NO;
				SUPPORTS_MAC_DESIGNED_FOR_IPHONE_IPAD = NO;
				SUPPORTS_XR_DESIGNED_FOR_IPHONE_IPAD = NO;
				SWIFT_DEFAULT_ACTOR_ISOLATION = MainActor;
				SWIFT_EMIT_LOC_STRINGS = YES;
				SWIFT_UPCOMING_FEATURE_MEMBER_IMPORT_VISIBILITY = YES;
				SWIFT_VERSION = 6.0;
				TARGETED_DEVICE_FAMILY = "1,2,7";
			};
			name = Debug;
		};
		68581EDD2E0F1EA800E5AADA /* Release */ = {
			isa = XCBuildConfiguration;
			buildSettings = {
				ASSETCATALOG_COMPILER_APPICON_NAME = AppIcon;
				ASSETCATALOG_COMPILER_GLOBAL_ACCENT_COLOR_NAME = AccentColor;
				CODE_SIGN_STYLE = Automatic;
				CURRENT_PROJECT_VERSION = 1;
				DEVELOPMENT_TEAM = 3N5528D82R;
				ENABLE_PREVIEWS = YES;
				GENERATE_INFOPLIST_FILE = YES;
				INFOPLIST_KEY_UIApplicationSceneManifest_Generation = YES;
				INFOPLIST_KEY_UIApplicationSupportsIndirectInputEvents = YES;
				INFOPLIST_KEY_UILaunchScreen_Generation = YES;
				INFOPLIST_KEY_UISupportedInterfaceOrientations_iPad = "UIInterfaceOrientationPortrait UIInterfaceOrientationPortraitUpsideDown UIInterfaceOrientationLandscapeLeft UIInterfaceOrientationLandscapeRight";
				INFOPLIST_KEY_UISupportedInterfaceOrientations_iPhone = "UIInterfaceOrientationPortrait UIInterfaceOrientationLandscapeLeft UIInterfaceOrientationLandscapeRight";
				IPHONEOS_DEPLOYMENT_TARGET = 26.0;
				LD_RUNPATH_SEARCH_PATHS = (
					"$(inherited)",
					"@executable_path/Frameworks",
				);
				MACOSX_DEPLOYMENT_TARGET = 26.0;
				MARKETING_VERSION = 1.0;
				PRODUCT_BUNDLE_IDENTIFIER = com.DanielStevens.HabitQuest;
				PRODUCT_NAME = "$(TARGET_NAME)";
				STRING_CATALOG_GENERATE_SYMBOLS = YES;
				SUPPORTED_PLATFORMS = "iphoneos iphonesimulator macosx";
				SUPPORTS_MACCATALYST = NO;
				SUPPORTS_MAC_DESIGNED_FOR_IPHONE_IPAD = NO;
				SUPPORTS_XR_DESIGNED_FOR_IPHONE_IPAD = NO;
				SWIFT_DEFAULT_ACTOR_ISOLATION = MainActor;
				SWIFT_EMIT_LOC_STRINGS = YES;
				SWIFT_UPCOMING_FEATURE_MEMBER_IMPORT_VISIBILITY = YES;
				SWIFT_VERSION = 6.0;
				TARGETED_DEVICE_FAMILY = "1,2,7";
			};
			name = Release;
		};
		68581EDF2E0F1EA800E5AADA /* Debug */ = {
			isa = XCBuildConfiguration;
			buildSettings = {
				BUNDLE_LOADER = "$(TEST_HOST)";
				CODE_SIGN_STYLE = Automatic;
				CURRENT_PROJECT_VERSION = 1;
				DEVELOPMENT_TEAM = 3N5528D82R;
				GENERATE_INFOPLIST_FILE = YES;
				IPHONEOS_DEPLOYMENT_TARGET = 26.0;
				MACOSX_DEPLOYMENT_TARGET = 26.0;
				MARKETING_VERSION = 1.0;
				PRODUCT_BUNDLE_IDENTIFIER = com.DanielStevens.HabitQuestTests;
				PRODUCT_NAME = "$(TARGET_NAME)";
				STRING_CATALOG_GENERATE_SYMBOLS = NO;
				SUPPORTED_PLATFORMS = "iphoneos iphonesimulator macosx";
				SWIFT_EMIT_LOC_STRINGS = NO;
				SWIFT_UPCOMING_FEATURE_MEMBER_IMPORT_VISIBILITY = YES;
				SWIFT_VERSION = 6.0;
				TARGETED_DEVICE_FAMILY = "1,2,7";
				TEST_HOST = "$(BUILT_PRODUCTS_DIR)/HabitQuest.app/$(BUNDLE_EXECUTABLE_FOLDER_PATH)/HabitQuest";
			};
			name = Debug;
		};
		68581EE02E0F1EA800E5AADA /* Release */ = {
			isa = XCBuildConfiguration;
			buildSettings = {
				BUNDLE_LOADER = "$(TEST_HOST)";
				CODE_SIGN_STYLE = Automatic;
				CURRENT_PROJECT_VERSION = 1;
				DEVELOPMENT_TEAM = 3N5528D82R;
				GENERATE_INFOPLIST_FILE = YES;
				IPHONEOS_DEPLOYMENT_TARGET = 26.0;
				MACOSX_DEPLOYMENT_TARGET = 26.0;
				MARKETING_VERSION = 1.0;
				PRODUCT_BUNDLE_IDENTIFIER = com.DanielStevens.HabitQuestTests;
				PRODUCT_NAME = "$(TARGET_NAME)";
				STRING_CATALOG_GENERATE_SYMBOLS = NO;
				SUPPORTED_PLATFORMS = "iphoneos iphonesimulator macosx";
				SWIFT_EMIT_LOC_STRINGS = NO;
				SWIFT_UPCOMING_FEATURE_MEMBER_IMPORT_VISIBILITY = YES;
				SWIFT_VERSION = 6.0;
				TARGETED_DEVICE_FAMILY = "1,2,7";
				TEST_HOST = "$(BUILT_PRODUCTS_DIR)/HabitQuest.app/$(BUNDLE_EXECUTABLE_FOLDER_PATH)/HabitQuest";
			};
			name = Release;
		};
		68581EE22E0F1EA800E5AADA /* Debug */ = {
			isa = XCBuildConfiguration;
			buildSettings = {
				CODE_SIGN_STYLE = Automatic;
				CURRENT_PROJECT_VERSION = 1;
				DEVELOPMENT_TEAM = 3N5528D82R;
				GENERATE_INFOPLIST_FILE = YES;
				MACOSX_DEPLOYMENT_TARGET = 26.0;
				MARKETING_VERSION = 1.0;
				PRODUCT_BUNDLE_IDENTIFIER = com.DanielStevens.HabitQuestUITests;
				PRODUCT_NAME = "$(TARGET_NAME)";
				STRING_CATALOG_GENERATE_SYMBOLS = NO;
				SUPPORTED_PLATFORMS = "iphoneos iphonesimulator macosx";
				SWIFT_EMIT_LOC_STRINGS = NO;
				SWIFT_UPCOMING_FEATURE_MEMBER_IMPORT_VISIBILITY = YES;
				SWIFT_VERSION = 6.0;
				TARGETED_DEVICE_FAMILY = "1,2,7";
				TEST_TARGET_NAME = HabitQuest;
			};
			name = Debug;
		};
		68581EE32E0F1EA800E5AADA /* Release */ = {
			isa = XCBuildConfiguration;
			buildSettings = {
				CODE_SIGN_STYLE = Automatic;
				CURRENT_PROJECT_VERSION = 1;
				DEVELOPMENT_TEAM = 3N5528D82R;
				GENERATE_INFOPLIST_FILE = YES;
				MACOSX_DEPLOYMENT_TARGET = 26.0;
				MARKETING_VERSION = 1.0;
				PRODUCT_BUNDLE_IDENTIFIER = com.DanielStevens.HabitQuestUITests;
				PRODUCT_NAME = "$(TARGET_NAME)";
				STRING_CATALOG_GENERATE_SYMBOLS = NO;
				SUPPORTED_PLATFORMS = "iphoneos iphonesimulator macosx";
				SWIFT_EMIT_LOC_STRINGS = NO;
				SWIFT_UPCOMING_FEATURE_MEMBER_IMPORT_VISIBILITY = YES;
				SWIFT_VERSION = 6.0;
				TARGETED_DEVICE_FAMILY = "1,2,7";
				TEST_TARGET_NAME = HabitQuest;
			};
			name = Release;
		};
/* End XCBuildConfiguration section */

/* Begin XCConfigurationList section */
		68581EB32E0F1EA600E5AADA /* Build configuration list for PBXProject "HabitQuest" */ = {
			isa = XCConfigurationList;
			buildConfigurations = (
				68581ED92E0F1EA800E5AADA /* Debug */,
				68581EDA2E0F1EA800E5AADA /* Release */,
			);
			defaultConfigurationIsVisible = 0;
			defaultConfigurationName = Release;
		};
		68581EDB2E0F1EA800E5AADA /* Build configuration list for PBXNativeTarget "HabitQuest" */ = {
			isa = XCConfigurationList;
			buildConfigurations = (
				68581EDC2E0F1EA800E5AADA /* Debug */,
				68581EDD2E0F1EA800E5AADA /* Release */,
			);
			defaultConfigurationIsVisible = 0;
			defaultConfigurationName = Release;
		};
		68581EDE2E0F1EA800E5AADA /* Build configuration list for PBXNativeTarget "HabitQuestTests" */ = {
			isa = XCConfigurationList;
			buildConfigurations = (
				68581EDF2E0F1EA800E5AADA /* Debug */,
				68581EE02E0F1EA800E5AADA /* Release */,
			);
			defaultConfigurationIsVisible = 0;
			defaultConfigurationName = Release;
		};
		68581EE12E0F1EA800E5AADA /* Build configuration list for PBXNativeTarget "HabitQuestUITests" */ = {
			isa = XCConfigurationList;
			buildConfigurations = (
				68581EE22E0F1EA800E5AADA /* Debug */,
				68581EE32E0F1EA800E5AADA /* Release */,
			);
			defaultConfigurationIsVisible = 0;
			defaultConfigurationName = Release;
		};
/* End XCConfigurationList section */
	};
	rootObject = 68581EB02E0F1EA600E5AADA /* Project object */;
}
